{"1.2.0",
[{<<"amqp_client">>,{pkg,<<"amqp_client">>,<<"3.12.14">>},0},
 {<<"amqp_dist">>,
  {git,"https://github.com/2600hz/erlang-amqp_dist.git",
       {ref,"581d4b53e1fb3e8247ad856bef106015304d1906"}},
  0},
 {<<"apns">>,
  {git,"https://github.com/2600hz/erlang-apns4erl.git",
       {ref,"685e1d7368f31e8b1f949581a6def800fdebee49"}},
  0},
 {<<"aten">>,{pkg,<<"aten">>,<<"0.5.3">>},1},
 {<<"base16">>,{pkg,<<"base16">>,<<"1.0.0">>},1},
 {<<"base64url">>,{pkg,<<"base64url">>,<<"0.0.1">>},1},
 {<<"bear">>,
  {git,"https://github.com/boundary/bear.git",
       {ref,"119234548783af19b8ec75c879c5062676b92571"}},
  1},
 {<<"certifi">>,
  {git,"https://github.com/certifi/erlang-certifi",
       {ref,"549670ddfe96727a703a295c75c423d8a2c50718"}},
  0},
 {<<"cf">>,{pkg,<<"cf">>,<<"0.3.1">>},2},
 {<<"couchbeam">>,
  {git,"https://github.com/2600hz/erlang-couchbeam",
       {ref,"b48830cd95aa61f86c7f6479f4425e80985802da"}},
  0},
 {<<"cowboy">>,
  {git,"https://github.com/2600hz/erlang-cowboy",
       {ref,"50c21ad6b8170567b86b573b11fc95c38b58fb74"}},
  0},
 {<<"cowlib">>,
  {git,"https://github.com/2600hz/erlang-cowlib",
       {ref,"1eb7f4293a652adcfe43b1835d22c58d8def839f"}},
  0},
 {<<"credentials_obfuscation">>,
  {pkg,<<"credentials_obfuscation">>,<<"3.4.0">>},
  1},
 {<<"eflame">>,
  {git,"https://github.com/2600hz/erlang-eflame",
       {ref,"4faa5a7064b31903f71a90d6ad79c66fa63d591d"}},
  0},
 {<<"egithub">>,{pkg,<<"egithub">>,<<"0.7.0">>},1},
 {<<"eiconv">>,
  {git,"https://github.com/zotonic/eiconv",
       {ref,"bfd5b7705fbabf85a3b80e8e58ee1e33504da11b"}},
  0},
 {<<"eini">>,{pkg,<<"eini">>,<<"1.2.9">>},1},
 {<<"elvis">>,
  {git,"https://github.com/2600hz/erlang-elvis",
       {ref,"26ef5f27b4c2bca711e0623caf1d2c3127e5e4b8"}},
  0},
 {<<"elvis_core">>,{pkg,<<"elvis_core">>,<<"1.3.1">>},1},
 {<<"eper">>,
  {git,"http://github.com/basho/eper.git",
       {ref,"7222ecaebceb5422e74a9c1503043bbc6036f6b7"}},
  1},
 {<<"epgsql">>,
  {git,"https://github.com/epgsql/epgsql",
       {ref,"7ba52768cf0ea7d084df24d4275a88eef4db13c2"}},
  0},
 {<<"erlazure">>,
  {git,"https://github.com/2600hz/erlang-erlazure.git",
       {ref,"0b5a53e2d5e18f3dbe05a891596b607e7ca3989b"}},
  0},
 {<<"erlcloud">>,
  {git,"https://github.com/2600hz/erlang-erlcloud",
       {ref,"9fd232d08063a691ed4294ce3b8e4b99bf84fdda"}},
  0},
 {<<"erlsom">>,
  {git,"https://github.com/2600hz/erlang-erlsom",
       {ref,"fb5f88a7635341520e3251b5354479ceee5fa8b1"}},
  0},
 {<<"erlware_commons">>,{pkg,<<"erlware_commons">>,<<"1.6.0">>},1},
 {<<"erlydtl">>,{pkg,<<"erlydtl">>,<<"0.14.0">>},0},
 {<<"ersip">>,
  {git,"https://github.com/2600hz/erlang-ersip",
       {ref,"5125e187807eff8dd507baa7fa6113e374d08ccb"}},
  0},
 {<<"esaml">>,
  {git,"https://github.com/2600hz/erlang-esaml.git",
       {ref,"9fe06697234113eb1a64a009a6a1167ba72c9c04"}},
  0},
 {<<"fcm">>,
  {git,"https://github.com/2600hz/erlang-fcm.git",
       {ref,"3e979c765c24b19dc475d954bb20f7ffb2e019b3"}},
  0},
 {<<"folsom">>,
  {git,"https://github.com/2600hz/erlang-folsom",
       {ref,"1f3f610d1498d4ae2625178daaac5fc4f5306969"}},
  0},
 {<<"forms">>,{pkg,<<"forms">>,<<"0.0.1">>},1},
 {<<"geas">>,
  {git,"https://github.com/crownedgrouse/geas",
       {ref,"f939eda7d855c6f2473a0779222ae706befb018a"}},
  0},
 {<<"gen_batch_server">>,{pkg,<<"gen_batch_server">>,<<"0.8.2">>},1},
 {<<"gen_smtp">>,
  {git,"https://github.com/2600hz/erlang-gen_smtp",
       {ref,"04c8bcbaafff47f8c15f30d6255c726402e836c6"}},
  0},
 {<<"getopt">>,
  {git,"https://github.com/2600hz/erlang-getopt",
       {ref,"fbd210550677114a6c96cdf66e340eb248908d93"}},
  0},
 {<<"goldrush">>,{pkg,<<"goldrush">>,<<"0.1.9">>},1},
 {<<"google_oauth">>,
  {git,"https://github.com/2600hz/erlang-google-oauth",
       {ref,"3b7e5c1e5cf6da4ae30f87c90b6dad1a8e6cd0a5"}},
  1},
 {<<"gproc">>,
  {git,"https://github.com/2600hz/erlang-gproc",
       {ref,"9f71a37fce4d58480a742b44458e4937c77f55c5"}},
  0},
 {<<"gun">>,
  {git,"https://github.com/2600hz/erlang-gun",
       {ref,"465d072abf4a76104d4562ed15345b27fe9a0cff"}},
  0},
 {<<"hackney">>,
  {git,"https://github.com/2600hz/erlang-hackney",
       {ref,"1a13c8f8148e1e94ac633e905fc62bca78a483bf"}},
  0},
 {<<"hep">>,
  {git,"https://github.com/2600hz/hep-erlang",
       {ref,"5f18e91e45d49d3d7013fc93897d5c12441d86d8"}},
  0},
 {<<"idna">>,{pkg,<<"idna">>,<<"6.1.1">>},1},
 {<<"inet_cidr">>,
  {git,"https://github.com/2600hz/erlang-inet_cidr.git",
       {ref,"c7b70ce76dc6b02bd5618bee93a04b85835b447f"}},
  0},
 {<<"jesse">>,
  {git,"https://github.com/2600hz/jesse",
       {ref,"35eabb483c3541ca0ad631b7bc5e333655303205"}},
  0},
 {<<"jiffy">>,
  {git,"https://github.com/2600hz/erlang-jiffy",
       {ref,"c3b68f0dba2851bc7b2c79abe802ed9bab57c887"}},
  0},
 {<<"jsx">>,{pkg,<<"jsx">>,<<"2.9.0">>},1},
 {<<"katana_code">>,{pkg,<<"katana_code">>,<<"1.1.2">>},2},
 {<<"lager">>,
  {git,"https://github.com/2600hz/erlang-lager",
       {ref,"6159a9497be54ac94fe00d9b9940b1bb7e423021"}},
  0},
 {<<"lager_syslog">>,
  {git,"https://github.com/2600hz/erlang-lager_syslog",
       {ref,"c59ccd421426a3d54b379e9b1f62f1f145dd5802"}},
  0},
 {<<"lhttpc">>,
  {git,"https://github.com/2600hz/erlang-lhttpc",
       {ref,"56154a701da843a8ac3e2235382e77a5459332c4"}},
  1},
 {<<"meck">>,
  {git,"https://github.com/2600hz/erlang-meck",
       {ref,"4ecc1ae9089edc6977e8c8c4cd41081513cc5590"}},
  0},
 {<<"meta">>,
  {git,"https://github.com/2600hz/erlang-meta",
       {ref,"3dd8b0d3dd021788736435c513049dcc8e0a49e3"}},
  0},
 {<<"metrics">>,{pkg,<<"metrics">>,<<"1.0.1">>},1},
 {<<"mimerl">>,{pkg,<<"mimerl">>,<<"1.2.0">>},1},
 {<<"nklib">>,
  {git,"https://github.com/2600hz/erlang-nklib",
       {ref,"025f1b18c26839b2377fdbf5bcebbdb5d784db48"}},
  0},
 {<<"parse_trans">>,{pkg,<<"parse_trans">>,<<"3.3.0">>},1},
 {<<"plists">>,
  {git,"https://github.com/2600hz/erlang-plists",
       {ref,"909aec1ffc2dfd651b880af8138346daff1cc407"}},
  0},
 {<<"poolboy">>,
  {git,"https://github.com/2600hz/erlang-poolboy.git",
       {ref,"9212a8770edb149ee7ca0bca353855e215f7cba5"}},
  0},
 {<<"proper">>,
  {git,"https://github.com/2600hz/erlang-proper",
       {ref,"a5ae5669f01143b0828fc21667d4f5e344aa760b"}},
  0},
 {<<"qdate">>,
  {git,"https://github.com/2600hz/erlang-qdate",
       {ref,"2072b49220dc0cfad59f1163119e1e76e55240a1"}},
  0},
 {<<"qdate_localtime">>,
  {git,"https://github.com/2600hz/erlang-qdate_localtime",
       {ref,"cee705be45df8bcdcc7f77d371d4b34ef52d369b"}},
  0},
 {<<"qrcode">>,
  {git,"https://github.com/2600hz/erlang-qrcode",
       {ref,"1ce2d131f670a9ea89123694419e144047c8d362"}},
  0},
 {<<"ra">>,
  {git,"https://github.com/2600hz/erlang-ra.git",
       {ref,"b87cd56393e534ad62f604624e4f0678668423e7"}},
  0},
 {<<"rabbit_common">>,{pkg,<<"rabbit_common">>,<<"3.12.14">>},1},
 {<<"ranch">>,
  {git,"https://github.com/2600hz/erlang-ranch",
       {ref,"a692f44567034dacf5efcaa24a24183788594eb7"}},
  0},
 {<<"recon">>,
  {git,"https://github.com/2600hz/erlang-recon",
       {ref,"b80be93b072e5cf195dbe28046b1bb79f2c772cc"}},
  0},
 {<<"reloader">>,
  {git,"https://github.com/2600hz/erlang-reloader",
       {ref,"de1e6c74204b61ccf3b3652f05c6a7dec9e8257d"}},
  0},
 {<<"rfc3339">>,
  {git,"https://github.com/andreineculau/rfc3339.git",
       {ref,"dcc77d66430490620677de8140a3415dfbd3fa61"}},
  1},
 {<<"samovar">>,{pkg,<<"samovar">>,<<"1.0.2">>},1},
 {<<"soap">>,
  {git,"https://github.com/2600hz/erlang-soap",
       {ref,"dbdca669b4b0ef5d4ee25e60a36db9f6b2a4599e"}},
  0},
 {<<"ssl_verify_fun">>,{pkg,<<"ssl_verify_fun">>,<<"1.1.7">>},1},
 {<<"syslog">>,
  {git,"https://github.com/2600hz/erlang-syslog",
       {ref,"bbad537a1cb5e4f37e672d2e2665659e850662d0"}},
  0},
 {<<"thoas">>,{pkg,<<"thoas">>,<<"1.0.0">>},2},
 {<<"trie">>,
  {git,"https://github.com/2600hz/erlang-trie",
       {ref,"76b5fbf679e65d3529ca534f60bc39d343c49114"}},
  0},
 {<<"unicode_util_compat">>,{pkg,<<"unicode_util_compat">>,<<"0.7.0">>},1},
 {<<"yamerl">>,
  {git,"https://github.com/2600hz/erlang-yamerl",
       {ref,"4e5a54a5a4a0cd9dc8ee30c8356642e9a2c3a443"}},
  0},
 {<<"zipper">>,{pkg,<<"zipper">>,<<"1.0.1">>},2},
 {<<"zucchini">>,
  {git,"https://github.com/2600hz/erlang-zucchini",
       {ref,"3e2bf0d09e0da8d59ff49a57a78eabbcbb2cb4a2"}},
  0}]}.
[
{pkg_hash,[
 {<<"amqp_client">>, <<"2B677BC3F2E2234BA7517042B25D72071A79735042E91F9116BD3C176854B622">>},
 {<<"aten">>, <<"C23747FB01C6A1248B2624EE2EAAD7B57ACAF2B5451B14DF4ACDF26CECDD91A7">>},
 {<<"base16">>, <<"283644E2B21BD5915ACB7178BED7851FB07C6E5749B8FAD68A53C501092176D9">>},
 {<<"base64url">>, <<"36A90125F5948E3AFD7BE97662A1504B934DD5DAC78451CA6E9ABF85A10286BE">>},
 {<<"cf">>, <<"5CB902239476E141EA70A740340233782D363A31EEA8AD37049561542E6CD641">>},
 {<<"credentials_obfuscation">>, <<"34E18B126B3AEFD6E8143776FBE1CECEEA6792307C99AC5EE8687911F048CFD7">>},
 {<<"egithub">>, <<"CFF720B2ADE8A0528B8861D2309339FD3C1C289B9BCB9E498FF77C619CE28AF2">>},
 {<<"eini">>, <<"FCC3CBD49BBDD9A1D9735C7365DAFFCD84481CCE81E6CB80537883AA44AC4895">>},
 {<<"elvis_core">>, <<"844C339300DD3E9F929A045932D25DC5C99B4603D47536E995198143169CDF26">>},
 {<<"erlware_commons">>, <<"E0DA62F91E65DEFAE28BB450DDC3C24E85ECB99B926F857CDC6ED8E7DD7076B4">>},
 {<<"erlydtl">>, <<"964B2DC84F8C17ACFAA69C59BA129EF26AC45D2BA898C3C6AD9B5BDC8BA13CED">>},
 {<<"forms">>, <<"45F3B10B6F859F95F2C2C1A1DE244D63855296D55ED8E93EB0DD116B3E86C4A6">>},
 {<<"gen_batch_server">>, <<"547F5656937AB36F1FB7921263F2F3E82D685AE99F32BCE06B803719AAE5D829">>},
 {<<"goldrush">>, <<"F06E5D5F1277DA5C413E84D5A2924174182FB108DABB39D5EC548B27424CD106">>},
 {<<"idna">>, <<"8A63070E9F7D0C62EB9D9FCB360A7DE382448200FBBD1B106CC96D3D8099DF8D">>},
 {<<"jsx">>, <<"D2F6E5F069C00266CAD52FB15D87C428579EA4D7D73A33669E12679E203329DD">>},
 {<<"katana_code">>, <<"4336743263236C3213FF1B979ECAE263940B9084ACE90E9434838F3F98CCA578">>},
 {<<"metrics">>, <<"25F094DEA2CDA98213CECC3AEFF09E940299D950904393B2A29D191C346A8486">>},
 {<<"mimerl">>, <<"67E2D3F571088D5CFD3E550C383094B47159F3EEE8FFA08E64106CDF5E981BE3">>},
 {<<"parse_trans">>, <<"09765507A3C7590A784615CFD421D101AEC25098D50B89D7AA1D66646BC571C1">>},
 {<<"rabbit_common">>, <<"466123EE7346A3CDAC078C0C302BCD36DA4523E8ACD678C1B992F7B4DF1F7914">>},
 {<<"samovar">>, <<"3A077EB5D719799717E32405CD232B31BDF47A99C07AC4DA92A9B6189B7EFE25">>},
 {<<"ssl_verify_fun">>, <<"354C321CF377240C7B8716899E182CE4890C5938111A1296ADD3EC74CF1715DF">>},
 {<<"thoas">>, <<"567C03902920827A18A89F05B79A37B5BF93553154B883E0131801600CF02CE0">>},
 {<<"unicode_util_compat">>, <<"BC84380C9AB48177092F43AC89E4DFA2C6D62B40B8BD132B1059ECC7232F9A78">>},
 {<<"zipper">>, <<"3CCB4F14B97C06B2749B93D8B6C204A1ECB6FAFC6050CACC3B93B9870C05952A">>}]},
{pkg_hash_ext,[
 {<<"amqp_client">>, <<"5F70B6C3B1A739790080DA4FDDC94A867E99F033C4B1EDC20D6FF8B8FB4BD160">>},
 {<<"aten">>, <<"0A08C4AC94EE4F3BEE530D50F5DD8F2BEAD027A353B6AFA4CE8E3E9EFF78C8DD">>},
 {<<"base16">>, <<"02AFD0827E61A7B07093873E063575CA3A2B07520567C7F8CEC7C5D42F052D76">>},
 {<<"base64url">>, <<"FAB09B20E3F5DB886725544CBCF875B8E73EC93363954EB8A1A9ED834AA8C1F9">>},
 {<<"cf">>, <<"315E8D447D3A4B02BCDBFA397AD03BBB988A6E0AA6F44D3ADD0F4E3C3BF97672">>},
 {<<"credentials_obfuscation">>, <<"738ACE0ED5545D2710D3F7383906FC6F6B582D019036E5269C4DBD85DBCED566">>},
 {<<"egithub">>, <<"E009CE11EFD8008D0F9ED59D9C488E3E9ABE302A0F2CD6D663E4CC26756FCC4C">>},
 {<<"eini">>, <<"DA64AE8DB7C2F502E6F20CDF44CD3D9BE364412B87FF49FEBF282540F673DFCB">>},
 {<<"elvis_core">>, <<"7A8890BF8185A3252CD4EBD826FE5F8AD6B93024EDF88576EB27AE9E5DC19D69">>},
 {<<"erlware_commons">>, <<"B57C299C39A2992A8C413F9D2C1B8A20061310FB4432B0EEE5E4C4DF7AAA0AA3">>},
 {<<"erlydtl">>, <<"D80EC044CD8F58809C19D29AC5605BE09E955040911B644505E31E9DD8143431">>},
 {<<"forms">>, <<"530F63ED8ED5A171F744FC75BD69CB2E36496899D19DBEF48101B4636B795868">>},
 {<<"gen_batch_server">>, <<"95D36AD1521205D727ABBE89E5473AF839241527D560652CDE861A92B01928E7">>},
 {<<"goldrush">>, <<"99CB4128CFFCB3227581E5D4D803D5413FA643F4EB96523F77D9E6937D994CEB">>},
 {<<"idna">>, <<"92376EB7894412ED19AC475E4A86F7B413C1B9FBB5BD16DCCD57934157944CEA">>},
 {<<"jsx">>, <<"8EE1DB1CABAFDD578A2776A6AAAE87C2A8CE54B47B59E9EC7DAB5D7EB71CD8DC">>},
 {<<"katana_code">>, <<"E7E6162A44E826A03F68B503B7D92981B894BF834C1EF0E647783F7D6688021C">>},
 {<<"metrics">>, <<"69B09ADDDC4F74A40716AE54D140F93BEB0FB8978D8636EADED0C31B6F099F16">>},
 {<<"mimerl">>, <<"F278585650AA581986264638EBF698F8BB19DF297F66AD91B18910DFC6E19323">>},
 {<<"parse_trans">>, <<"17EF63ABDE837AD30680EA7F857DD9E7CED9476CDD7B0394432AF4BFC241B960">>},
 {<<"rabbit_common">>, <<"70C31A51F7401CC0204DDEF2745D98680C2E0DF67E3B0C9E198916881FDE3293">>},
 {<<"samovar">>, <<"C4E7ED752EDDCD503F1CCF80E192BA613CA8A9FCE7770E95BE1F6FF6D72EDCD9">>},
 {<<"ssl_verify_fun">>, <<"FE4C190E8F37401D30167C8C405EDA19469F34577987C76DDE613E838BBC67F8">>},
 {<<"thoas">>, <<"FC763185B932ECB32A554FB735EE03C3B6B1B31366077A2427D2A97F3BD26735">>},
 {<<"unicode_util_compat">>, <<"25EEE6D67DF61960CF6A794239566599B09E17E668D3700247BC498638152521">>},
 {<<"zipper">>, <<"6A1FD3E1F0CC1D1DF5642C9A0CE2178036411B0A5C9642851D1DA276BD737C2D">>}]}
].
