{"1.2.0",
[{<<"amqp_client">>,{pkg,<<"amqp_client">>,<<"3.8.14">>},0},
 {<<"amqp_dist">>,
  {git,"https://github.com/2600hz/erlang-amqp_dist.git",
       {ref,"581d4b53e1fb3e8247ad856bef106015304d1906"}},
  0},
 {<<"apns">>,
  {git,"https://github.com/2600hz/erlang-apns4erl.git",
       {ref,"685e1d7368f31e8b1f949581a6def800fdebee49"}},
  0},
 {<<"aten">>,{pkg,<<"aten">>,<<"0.5.3">>},1},
 {<<"base16">>,{pkg,<<"base16">>,<<"1.0.0">>},1},
 {<<"base64url">>,{pkg,<<"base64url">>,<<"0.0.1">>},1},
 {<<"bear">>,
  {git,"https://github.com/boundary/bear.git",
       {ref,"119234548783af19b8ec75c879c5062676b92571"}},
  1},
 {<<"certifi">>,
  {git,"https://github.com/certifi/erlang-certifi",
       {ref,"549670ddfe96727a703a295c75c423d8a2c50718"}},
  0},
 {<<"couchbeam">>,
  {git,"https://github.com/2600hz/erlang-couchbeam",
       {ref,"2d29971cbb4da822da9bc14113e3045bc1e08c6e"}},
  0},
 {<<"cowboy">>,
  {git,"https://github.com/2600hz/erlang-cowboy",
       {ref,"caaffdc6640a332fdfeb03e43b6d9d4eb3e74fe6"}},
  0},
 {<<"cowlib">>,
  {git,"https://github.com/2600hz/erlang-cowlib",
       {ref,"9fbd41b77b0d947fb653f24ddee9f52c389f8122"}},
  0},
 {<<"credentials_obfuscation">>,
  {pkg,<<"credentials_obfuscation">>,<<"2.4.0">>},
  2},
 {<<"dep_meck">>,
  {git,"https://github.com/2600hz/erlang-meck",
       {ref,"4ecc1ae9089edc6977e8c8c4cd41081513cc5590"}},
  0},
 {<<"eflame">>,
  {git,"https://github.com/slfritchie/eflame",
       {ref,"7b0bb1a7e8c8482a59421a3a50ae69d49af59d52"}},
  0},
 {<<"egithub">>,{pkg,<<"egithub">>,<<"0.7.0">>},1},
 {<<"eiconv">>,
  {git,"https://github.com/zotonic/eiconv",
       {ref,"bfd5b7705fbabf85a3b80e8e58ee1e33504da11b"}},
  0},
 {<<"eini">>,{pkg,<<"eini">>,<<"1.2.9">>},1},
 {<<"elvis">>,
  {git,"https://github.com/2600hz/erlang-elvis",
       {ref,"26ef5f27b4c2bca711e0623caf1d2c3127e5e4b8"}},
  0},
 {<<"elvis_core">>,{pkg,<<"elvis_core">>,<<"1.3.1">>},1},
 {<<"eper">>,
  {git,"http://github.com/basho/eper.git",
       {ref,"7222ecaebceb5422e74a9c1503043bbc6036f6b7"}},
  1},
 {<<"epgsql">>,
  {git,"https://github.com/epgsql/epgsql",
       {ref,"b9d745ecc7f001dc5200cc2ab72dbd462432f370"}},
  0},
 {<<"erlang_localtime">>,
  {git,"https://github.com/2600hz/erlang-localtime",
       {ref,"daa2acff08ee4396fc27623ff3baa4a9b4322c4b"}},
  0},
 {<<"erlazure">>,
  {git,"https://github.com/2600hz/erlang-erlazure.git",
       {ref,"88e0417251983ab4d8a2a2606c732906eecd5007"}},
  0},
 {<<"erlcloud">>,
  {git,"https://github.com/2600hz/erlang-erlcloud",
       {ref,"0c06ec89259af56a9ce2f1bf6d387a76783133cd"}},
  0},
 {<<"erlydtl">>,{pkg,<<"erlydtl">>,<<"0.14.0">>},0},
 {<<"ersip">>,
  {git,"https://github.com/2600hz/erlang-ersip",
       {ref,"3548962b87a51c733680cd2e3cefd6a0ec1d3f42"}},
  0},
 {<<"esaml">>,
  {git,"https://github.com/2600hz/erlang-esaml.git",
       {ref,"c0573760ff727824bd91f8c56c36aa3549d19737"}},
  0},
 {<<"fcm">>,
  {git,"https://github.com/2600hz/erlang-fcm.git",
       {ref,"b2f68a4c6f0f59475597a35e2dc9be13d9ba2910"}},
  0},
 {<<"folsom">>,
  {git,"https://github.com/2600hz/erlang-folsom",
       {ref,"38e2cce7c64ce1f0a3a918d90394cfc0a940b1ba"}},
  0},
 {<<"forms">>,{pkg,<<"forms">>,<<"0.0.1">>},1},
 {<<"gen_batch_server">>,{pkg,<<"gen_batch_server">>,<<"0.8.2">>},1},
 {<<"gen_smtp">>,
  {git,"https://github.com/2600hz/erlang-gen_smtp",
       {ref,"3f80bfcd4fd8704739d264eb4d5005d4392f2a35"}},
  0},
 {<<"getopt">>,
  {git,"https://github.com/2600hz/erlang-getopt",
       {ref,"fbd210550677114a6c96cdf66e340eb248908d93"}},
  0},
 {<<"goldrush">>,{pkg,<<"goldrush">>,<<"0.1.9">>},1},
 {<<"gproc">>,
  {git,"https://github.com/2600hz/erlang-gproc",
       {ref,"ce7397809aca0d6eb3aac6db65953752e47fb511"}},
  0},
 {<<"gsm0338">>,
  {git,"git@github.com:2600hz/erlang-gsm0338.git",
       {ref,"f629a1323835025075705e3d7b006af4abe48671"}},
  0},
 {<<"gun">>,
  {git,"https://github.com/2600hz/erlang-gun",
       {ref,"465d072abf4a76104d4562ed15345b27fe9a0cff"}},
  0},
 {<<"hackney">>,{pkg,<<"hackney">>,<<"1.6.5">>},0},
 {<<"hep">>,
  {git,"https://github.com/2600hz/hep-erlang",
       {ref,"5f18e91e45d49d3d7013fc93897d5c12441d86d8"}},
  0},
 {<<"iconverl">>,
  {git,"git@github.com:2600hz/erlang-iconverl.git",
       {ref,"55ddd12afc0f1f2b3bc59fdbe368761e1932eca4"}},
  0},
 {<<"idna">>,{pkg,<<"idna">>,<<"1.2.0">>},1},
 {<<"inet_cidr">>,
  {git,"https://github.com/2600hz/erlang-inet_cidr.git",
       {ref,"c7b70ce76dc6b02bd5618bee93a04b85835b447f"}},
  0},
 {<<"jesse">>,
  {git,"https://github.com/2600hz/jesse",
       {ref,"2d7c5dba6e22895bec5e5b7a26512f8a2836d310"}},
  0},
 {<<"jiffy">>,
  {git,"https://github.com/2600hz/erlang-jiffy",
       {ref,"313d591cbda0fad5109fa8c049093984e54893a1"}},
  0},
 {<<"jsx">>,{pkg,<<"jsx">>,<<"2.9.0">>},1},
 {<<"katana_code">>,{pkg,<<"katana_code">>,<<"1.1.2">>},2},
 {<<"lager">>,
  {git,"https://github.com/2600hz/erlang-lager",
       {ref,"459a3b2cdd9eadd29e5a7ce5c43932f5ccd6eb88"}},
  0},
 {<<"lager_syslog">>,
  {git,"https://github.com/2600hz/erlang-lager_syslog",
       {ref,"c59ccd421426a3d54b379e9b1f62f1f145dd5802"}},
  0},
 {<<"lhttpc">>,{pkg,<<"lhttpc">>,<<"1.6.2">>},1},
 {<<"meck">>,{pkg,<<"meck">>,<<"0.9.2">>},0},
 {<<"meta">>,
  {git,"https://github.com/2600hz/erlang-meta",
       {ref,"3dd8b0d3dd021788736435c513049dcc8e0a49e3"}},
  0},
 {<<"metrics">>,{pkg,<<"metrics">>,<<"1.0.1">>},1},
 {<<"mimerl">>,{pkg,<<"mimerl">>,<<"1.0.2">>},1},
 {<<"nklib">>,
  {git,"https://github.com/2600hz/erlang-nklib",
       {ref,"025f1b18c26839b2377fdbf5bcebbdb5d784db48"}},
  0},
 {<<"oserl">>,
  {git,"git@github.com:2600hz/erlang-oserl.git",
       {ref,"f532233b0180e4847e7d894b98ad6afc3c87c5eb"}},
  0},
 {<<"oserl_common">>,
  {git,"git@github.com:2600hz/erlang-oserl_common.git",
       {ref,"1a1cd4beb890225b23502036bc69d7545298ec52"}},
  0},
 {<<"parse_trans">>,{pkg,<<"parse_trans">>,<<"3.3.0">>},1},
 {<<"plists">>,
  {git,"https://github.com/2600hz/erlang-plists",
       {ref,"387a4a70c17eab3bbc12b0d56d61606cc53ca7d4"}},
  0},
 {<<"poolboy">>,{pkg,<<"poolboy">>,<<"1.5.2">>},0},
 {<<"proper">>,
  {git,"https://github.com/2600hz/erlang-proper",
       {ref,"f2b7b81666b21707244a40857cf50f4362b6e3c2"}},
  0},
 {<<"qrcode">>,
  {git,"https://github.com/2600hz/erlang-qrcode",
       {ref,"650d9bc0d3d052cb5689a4b4fda161eb8d72a888"}},
  0},
 {<<"ra">>,
  {git,"https://github.com/2600hz/erlang-ra.git",
       {ref,"b87cd56393e534ad62f604624e4f0678668423e7"}},
  0},
 {<<"rabbit_common">>,{pkg,<<"rabbit_common">>,<<"3.8.14">>},1},
 {<<"ranch">>,
  {git,"https://github.com/2600hz/erlang-ranch",
       {ref,"3190aef88aea04d6dce8545fe9b4574288903f44"}},
  0},
 {<<"recon">>,
  {git,"https://github.com/2600hz/erlang-recon",
       {ref,"75d70c7c08926d2f24f1ee6de14ee50fe8a52763"}},
  0},
 {<<"reloader">>,
  {git,"https://github.com/2600hz/erlang-reloader",
       {ref,"de1e6c74204b61ccf3b3652f05c6a7dec9e8257d"}},
  0},
 {<<"rfc3339">>,
  {git,"https://github.com/andreineculau/rfc3339.git",
       {ref,"dcc77d66430490620677de8140a3415dfbd3fa61"}},
  1},
 {<<"ssl_verify_fun">>,{pkg,<<"ssl_verify_fun">>,<<"1.1.1">>},1},
 {<<"syslog">>,
  {git,"https://github.com/2600hz/erlang-syslog",
       {ref,"bbad537a1cb5e4f37e672d2e2665659e850662d0"}},
  0},
 {<<"trie">>,
  {git,"https://github.com/2600hz/erlang-trie",
       {ref,"76b5fbf679e65d3529ca534f60bc39d343c49114"}},
  0},
 {<<"yamerl">>,
  {git,"https://github.com/2600hz/erlang-yamerl",
       {ref,"4e5a54a5a4a0cd9dc8ee30c8356642e9a2c3a443"}},
  0},
 {<<"zipper">>,{pkg,<<"zipper">>,<<"1.0.1">>},2},
 {<<"zucchini">>,
  {git,"https://github.com/2600hz/erlang-zucchini",
       {ref,"3e2bf0d09e0da8d59ff49a57a78eabbcbb2cb4a2"}},
  0}]}.
[
{pkg_hash,[
 {<<"amqp_client">>, <<"7569517AEFB47E0D1C41BCA2F4768DC8A2D88487DAF7819FECCA0D78943F293C">>},
 {<<"aten">>, <<"C23747FB01C6A1248B2624EE2EAAD7B57ACAF2B5451B14DF4ACDF26CECDD91A7">>},
 {<<"base16">>, <<"283644E2B21BD5915ACB7178BED7851FB07C6E5749B8FAD68A53C501092176D9">>},
 {<<"base64url">>, <<"36A90125F5948E3AFD7BE97662A1504B934DD5DAC78451CA6E9ABF85A10286BE">>},
 {<<"credentials_obfuscation">>, <<"9FB57683B84899CA3546B384E59AB5D3054A9F334EBA50D74C82CD0AE82DD6CA">>},
 {<<"egithub">>, <<"CFF720B2ADE8A0528B8861D2309339FD3C1C289B9BCB9E498FF77C619CE28AF2">>},
 {<<"eini">>, <<"FCC3CBD49BBDD9A1D9735C7365DAFFCD84481CCE81E6CB80537883AA44AC4895">>},
 {<<"elvis_core">>, <<"844C339300DD3E9F929A045932D25DC5C99B4603D47536E995198143169CDF26">>},
 {<<"erlydtl">>, <<"964B2DC84F8C17ACFAA69C59BA129EF26AC45D2BA898C3C6AD9B5BDC8BA13CED">>},
 {<<"forms">>, <<"45F3B10B6F859F95F2C2C1A1DE244D63855296D55ED8E93EB0DD116B3E86C4A6">>},
 {<<"gen_batch_server">>, <<"547F5656937AB36F1FB7921263F2F3E82D685AE99F32BCE06B803719AAE5D829">>},
 {<<"goldrush">>, <<"F06E5D5F1277DA5C413E84D5A2924174182FB108DABB39D5EC548B27424CD106">>},
 {<<"hackney">>, <<"8C025EE397AC94A184B0743C73B33B96465E85F90A02E210E86DF6CBAFAA5065">>},
 {<<"idna">>, <<"AC62EE99DA068F43C50DC69ACF700E03A62A348360126260E87F2B54ECED86B2">>},
 {<<"jsx">>, <<"D2F6E5F069C00266CAD52FB15D87C428579EA4D7D73A33669E12679E203329DD">>},
 {<<"katana_code">>, <<"4336743263236C3213FF1B979ECAE263940B9084ACE90E9434838F3F98CCA578">>},
 {<<"lhttpc">>, <<"044F16F0018C7AA7E945E9E9406C7F6035E0B8BC08BF77B00C78CE260E1071E3">>},
 {<<"meck">>, <<"85CCBAB053F1DB86C7CA240E9FC718170EE5BDA03810A6292B5306BF31BAE5F5">>},
 {<<"metrics">>, <<"25F094DEA2CDA98213CECC3AEFF09E940299D950904393B2A29D191C346A8486">>},
 {<<"mimerl">>, <<"993F9B0E084083405ED8252B99460C4F0563E41729AB42D9074FD5E52439BE88">>},
 {<<"parse_trans">>, <<"09765507A3C7590A784615CFD421D101AEC25098D50B89D7AA1D66646BC571C1">>},
 {<<"poolboy">>, <<"392B007A1693A64540CEAD79830443ABF5762F5D30CF50BC95CB2C1AAAFA006B">>},
 {<<"rabbit_common">>, <<"CC1604891295CD82F34597F1526AC611EA7B6A0E57B3DD79B41CB4224BCC6EC5">>},
 {<<"ssl_verify_fun">>, <<"28A4D65B7F59893BC2C7DE786DEC1E1555BD742D336043FE644AE956C3497FBE">>},
 {<<"zipper">>, <<"3CCB4F14B97C06B2749B93D8B6C204A1ECB6FAFC6050CACC3B93B9870C05952A">>}]},
{pkg_hash_ext,[
 {<<"amqp_client">>, <<"E5BA3AC18ABBE34A1D990A6BCAC25633DC7061AB8F8D101C7DCFF97F49F4C523">>},
 {<<"aten">>, <<"0A08C4AC94EE4F3BEE530D50F5DD8F2BEAD027A353B6AFA4CE8E3E9EFF78C8DD">>},
 {<<"base16">>, <<"02AFD0827E61A7B07093873E063575CA3A2B07520567C7F8CEC7C5D42F052D76">>},
 {<<"base64url">>, <<"FAB09B20E3F5DB886725544CBCF875B8E73EC93363954EB8A1A9ED834AA8C1F9">>},
 {<<"credentials_obfuscation">>, <<"D28A89830E30698B075DE9A4DBE683A20685C6BED1E3B7DF744A0C06E6FF200A">>},
 {<<"egithub">>, <<"E009CE11EFD8008D0F9ED59D9C488E3E9ABE302A0F2CD6D663E4CC26756FCC4C">>},
 {<<"eini">>, <<"DA64AE8DB7C2F502E6F20CDF44CD3D9BE364412B87FF49FEBF282540F673DFCB">>},
 {<<"elvis_core">>, <<"7A8890BF8185A3252CD4EBD826FE5F8AD6B93024EDF88576EB27AE9E5DC19D69">>},
 {<<"erlydtl">>, <<"D80EC044CD8F58809C19D29AC5605BE09E955040911B644505E31E9DD8143431">>},
 {<<"forms">>, <<"530F63ED8ED5A171F744FC75BD69CB2E36496899D19DBEF48101B4636B795868">>},
 {<<"gen_batch_server">>, <<"95D36AD1521205D727ABBE89E5473AF839241527D560652CDE861A92B01928E7">>},
 {<<"goldrush">>, <<"99CB4128CFFCB3227581E5D4D803D5413FA643F4EB96523F77D9E6937D994CEB">>},
 {<<"hackney">>, <<"0A9F657B4AF1F45C77EED9053A091C5CF5D249EA77029A35A44C02AE5D85096F">>},
 {<<"idna">>, <<"1D724CDAFB66397E61774EAD242C9B725DE7033CDE8EA98FA4A91E64AC5EF5B3">>},
 {<<"jsx">>, <<"8EE1DB1CABAFDD578A2776A6AAAE87C2A8CE54B47B59E9EC7DAB5D7EB71CD8DC">>},
 {<<"katana_code">>, <<"E7E6162A44E826A03F68B503B7D92981B894BF834C1EF0E647783F7D6688021C">>},
 {<<"lhttpc">>, <<"76B5FA6149D1E10D4B1FBC4EBD51D371DB19C1AB9F0A9ECF5B526440DF064E97">>},
 {<<"meck">>, <<"81344F561357DC40A8344AFA53767C32669153355B626EA9FCBC8DA6B3045826">>},
 {<<"metrics">>, <<"69B09ADDDC4F74A40716AE54D140F93BEB0FB8978D8636EADED0C31B6F099F16">>},
 {<<"mimerl">>, <<"7A4C8E1115A2732A67D7624E28CF6C9F30C66711A9E92928E745C255887BA465">>},
 {<<"parse_trans">>, <<"17EF63ABDE837AD30680EA7F857DD9E7CED9476CDD7B0394432AF4BFC241B960">>},
 {<<"poolboy">>, <<"DAD79704CE5440F3D5A3681C8590B9DC25D1A561E8F5A9C995281012860901E3">>},
 {<<"rabbit_common">>, <<"27409E425413CDD3FC2C077CF08226C4A307D56B1467883F26AB3789B2E106D0">>},
 {<<"ssl_verify_fun">>, <<"4F8805EB5C8A939CF2359367CB651A3180B27DFB48444846BE2613D79355D65E">>},
 {<<"zipper">>, <<"6A1FD3E1F0CC1D1DF5642C9A0CE2178036411B0A5C9642851D1DA276BD737C2D">>}]}
].
